
Microsoft Visual Studio Solution File, Format Version 12.00
# Visual Studio Version 17
VisualStudioVersion = 17.10.35013.160
MinimumVisualStudioVersion = 10.0.40219.1
Project("{FAE04EC0-301F-11D3-BF4B-00C04F79EFBC}") = "Demo-Interface", "Demo-Interface\Demo-Interface.csproj", "{A88367CD-8341-4593-80F8-0A4E7CB7983B}"
EndProject
Project("{FAE04EC0-301F-11D3-BF4B-00C04F79EFBC}") = "Demo-Delegate-Event", "Demo-Delegate-Event\Demo-Delegate-Event.csproj", "{60FA76F1-C92E-4DC4-8AF9-38DCF78C17F6}"
EndProject
Project("{FAE04EC0-301F-11D3-BF4B-00C04F79EFBC}") = "Demo-Genericite", "Demo-Genericite\Demo-Genericite.csproj", "{6B82B728-E81E-43A8-82CD-CE59B0657266}"
EndProject
Global
	GlobalSection(SolutionConfigurationPlatforms) = preSolution
		Debug|Any CPU = Debug|Any CPU
		Release|Any CPU = Release|Any CPU
	EndGlobalSection
	GlobalSection(ProjectConfigurationPlatforms) = postSolution
		{A88367CD-8341-4593-80F8-0A4E7CB7983B}.Debug|Any CPU.ActiveCfg = Debug|Any CPU
		{A88367CD-8341-4593-80F8-0A4E7CB7983B}.Debug|Any CPU.Build.0 = Debug|Any CPU
		{A88367CD-8341-4593-80F8-0A4E7CB7983B}.Release|Any CPU.ActiveCfg = Release|Any CPU
		{A88367CD-8341-4593-80F8-0A4E7CB7983B}.Release|Any CPU.Build.0 = Release|Any CPU
		{60FA76F1-C92E-4DC4-8AF9-38DCF78C17F6}.Debug|Any CPU.ActiveCfg = Debug|Any CPU
		{60FA76F1-C92E-4DC4-8AF9-38DCF78C17F6}.Debug|Any CPU.Build.0 = Debug|Any CPU
		{60FA76F1-C92E-4DC4-8AF9-38DCF78C17F6}.Release|Any CPU.ActiveCfg = Release|Any CPU
		{60FA76F1-C92E-4DC4-8AF9-38DCF78C17F6}.Release|Any CPU.Build.0 = Release|Any CPU
		{6B82B728-E81E-43A8-82CD-CE59B0657266}.Debug|Any CPU.ActiveCfg = Debug|Any CPU
		{6B82B728-E81E-43A8-82CD-CE59B0657266}.Debug|Any CPU.Build.0 = Debug|Any CPU
		{6B82B728-E81E-43A8-82CD-CE59B0657266}.Release|Any CPU.ActiveCfg = Release|Any CPU
		{6B82B728-E81E-43A8-82CD-CE59B0657266}.Release|Any CPU.Build.0 = Release|Any CPU
	EndGlobalSection
	GlobalSection(SolutionProperties) = preSolution
		HideSolutionNode = FALSE
	EndGlobalSection
	GlobalSection(ExtensibilityGlobals) = postSolution
		SolutionGuid = {E6D2F971-990C-4C1C-BE85-E200E1A6C10C}
	EndGlobalSection
EndGlobal
